<?xml version="1.0" encoding="utf-8"?>
<Project ToolsVersion="4.0" xmlns="http://schemas.microsoft.com/developer/msbuild/2003">
  <ItemGroup>
    <Filter Include="CommonTypes">
      <UniqueIdentifier>{6301922B-CFB6-0A21-58AB-04F8C45F0125}</UniqueIdentifier>
    </Filter>
    <Filter Include="ModuleSystem">
      <UniqueIdentifier>{F05AF38A-DCBD-822F-8543-BBE571854EB2}</UniqueIdentifier>
    </Filter>
    <Filter Include="MonoWrap">
      <UniqueIdentifier>{5865A2F4-4432-FDFF-6D4B-EBA75977328E}</UniqueIdentifier>
    </Filter>
    <Filter Include="Utility">
      <UniqueIdentifier>{594615A9-C525-9444-CE3D-1F1B3A9CFAA5}</UniqueIdentifier>
    </Filter>
  </ItemGroup>
  <ItemGroup>
    <ClInclude Include="src\AderEngine.h" />
    <ClInclude Include="src\CommonTypes\reference.h">
      <Filter>CommonTypes</Filter>
    </ClInclude>
    <ClInclude Include="src\CommonTypes\relay_ptr.h">
      <Filter>CommonTypes</Filter>
    </ClInclude>
    <ClInclude Include="src\Messages.h" />
    <ClInclude Include="src\ModuleSystem\ModuleSystem.h">
      <Filter>ModuleSystem</Filter>
    </ClInclude>
    <ClInclude Include="src\MonoWrap\MonoManager.h">
      <Filter>MonoWrap</Filter>
    </ClInclude>
    <ClInclude Include="src\Utility\Log.h">
      <Filter>Utility</Filter>
    </ClInclude>
  </ItemGroup>
  <ItemGroup>
    <ClCompile Include="src\AderEngine.cpp" />
    <ClCompile Include="src\ModuleSystem\ModuleSystem.cpp">
      <Filter>ModuleSystem</Filter>
    </ClCompile>
    <ClCompile Include="src\MonoWrap\MonoManager.cpp">
      <Filter>MonoWrap</Filter>
    </ClCompile>
    <ClCompile Include="src\Utility\Log.cpp">
      <Filter>Utility</Filter>
    </ClCompile>
    <ClCompile Include="src\main.cpp" />
  </ItemGroup>
</Project>